
Microsoft Visual Studio Solution File, Format Version 12.00
# Visual Studio 2013
VisualStudioVersion = 12.0.21005.1
MinimumVisualStudioVersion = 10.0.40219.1
Project("{8BC9CEB8-8B4A-11D0-8D11-00A0C91BC942}") = "Sorting", "Sorting.vcxproj", "{BDC99817-58E2-47D1-A8B2-44A84249C8DA}"
EndProject
Project("{8BC9CEB8-8B4A-11D0-8D11-00A0C91BC942}") = "UnitTest1", "UnitTest1\UnitTest1.vcxproj", "{C94BF824-9170-4CD8-9025-4DB79984A04C}"
EndProject
Global
	GlobalSection(SolutionConfigurationPlatforms) = preSolution
		Debug|Win32 = Debug|Win32
		Release|Win32 = Release|Win32
	EndGlobalSection
	GlobalSection(ProjectConfigurationPlatforms) = postSolution
		{BDC99817-58E2-47D1-A8B2-44A84249C8DA}.Debug|Win32.ActiveCfg = Debug|Win32
		{BDC99817-58E2-47D1-A8B2-44A84249C8DA}.Debug|Win32.Build.0 = Debug|Win32
		{BDC99817-58E2-47D1-A8B2-44A84249C8DA}.Release|Win32.ActiveCfg = Release|Win32
		{BDC99817-58E2-47D1-A8B2-44A84249C8DA}.Release|Win32.Build.0 = Release|Win32
		{C94BF824-9170-4CD8-9025-4DB79984A04C}.Debug|Win32.ActiveCfg = Debug|Win32
		{C94BF824-9170-4CD8-9025-4DB79984A04C}.Debug|Win32.Build.0 = Debug|Win32
		{C94BF824-9170-4CD8-9025-4DB79984A04C}.Release|Win32.ActiveCfg = Release|Win32
		{C94BF824-9170-4CD8-9025-4DB79984A04C}.Release|Win32.Build.0 = Release|Win32
	EndGlobalSection
	GlobalSection(SolutionProperties) = preSolution
		HideSolutionNode = FALSE
	EndGlobalSection
EndGlobal
